
Microsoft Visual Studio Solution File, Format Version 12.00
# Visual Studio Version 17
VisualStudioVersion = 17.14.36408.4 d17.14
MinimumVisualStudioVersion = 10.0.40219.1
Project("{FAE04EC0-301F-11D3-BF4B-00C04F79EFBC}") = "QlyKhachHang", "QlyKhachHang\QlyKhachHang.csproj", "{B6F92CE3-BFAB-418F-9AEE-9E70BA6045E4}"
EndProject
Global
	GlobalSection(SolutionConfigurationPlatforms) = preSolution
		Debug|Any CPU = Debug|Any CPU
		Release|Any CPU = Release|Any CPU
	EndGlobalSection
	GlobalSection(ProjectConfigurationPlatforms) = postSolution
		{B6F92CE3-BFAB-418F-9AEE-9E70BA6045E4}.Debug|Any CPU.ActiveCfg = Debug|Any CPU
		{B6F92CE3-BFAB-418F-9AEE-9E70BA6045E4}.Debug|Any CPU.Build.0 = Debug|Any CPU
		{B6F92CE3-BFAB-418F-9AEE-9E70BA6045E4}.Release|Any CPU.ActiveCfg = Release|Any CPU
		{B6F92CE3-BFAB-418F-9AEE-9E70BA6045E4}.Release|Any CPU.Build.0 = Release|Any CPU
	EndGlobalSection
	GlobalSection(SolutionProperties) = preSolution
		HideSolutionNode = FALSE
	EndGlobalSection
	GlobalSection(ExtensibilityGlobals) = postSolution
		SolutionGuid = {E75D52EB-127C-4925-9475-03CDC4610CBE}
	EndGlobalSection
EndGlobal
